// !$*UTF8*$!
{
	archiveVersion = 1;
	classes = {
	};
	objectVersion = 50;
	objects = {

/* Begin PBXBuildFile section */
		550732EC233202030088FFBB /* AppDelegate.swift in Sources */ = {isa = PBXBuildFile; fileRef = 550732EB233202030088FFBB /* AppDelegate.swift */; };
		550732F3233202030088FFBB /* Main.storyboard in Resources */ = {isa = PBXBuildFile; fileRef = 550732F1233202030088FFBB /* Main.storyboard */; };
		550732F5233202040088FFBB /* Assets.xcassets in Resources */ = {isa = PBXBuildFile; fileRef = 550732F4233202040088FFBB /* Assets.xcassets */; };
		550732F8233202040088FFBB /* LaunchScreen.storyboard in Resources */ = {isa = PBXBuildFile; fileRef = 550732F6233202040088FFBB /* LaunchScreen.storyboard */; };
		55073303233202040088FFBB /* Forum_iOSTests.swift in Sources */ = {isa = PBXBuildFile; fileRef = 55073302233202040088FFBB /* Forum_iOSTests.swift */; };
		5507330E233202040088FFBB /* Forum_iOSUITests.swift in Sources */ = {isa = PBXBuildFile; fileRef = 5507330D233202040088FFBB /* Forum_iOSUITests.swift */; };
		5507331C233202C10088FFBB /* SettingViewController.swift in Sources */ = {isa = PBXBuildFile; fileRef = 5507331B233202C10088FFBB /* SettingViewController.swift */; };
		5507331E233205BD0088FFBB /* DetailTableViewController.swift in Sources */ = {isa = PBXBuildFile; fileRef = 5507331D233205BD0088FFBB /* DetailTableViewController.swift */; };
		5520FB9B2337455300D922E7 /* ForumViewController.swift in Sources */ = {isa = PBXBuildFile; fileRef = 5520FB9A2337455300D922E7 /* ForumViewController.swift */; };
/* End PBXBuildFile section */

/* Begin PBXContainerItemProxy section */
		550732FF233202040088FFBB /* PBXContainerItemProxy */ = {
			isa = PBXContainerItemProxy;
			containerPortal = 550732E0233202020088FFBB /* Project object */;
			proxyType = 1;
			remoteGlobalIDString = 550732E7233202020088FFBB;
			remoteInfo = Forum_iOS;
		};
		5507330A233202040088FFBB /* PBXContainerItemProxy */ = {
			isa = PBXContainerItemProxy;
			containerPortal = 550732E0233202020088FFBB /* Project object */;
			proxyType = 1;
			remoteGlobalIDString = 550732E7233202020088FFBB;
			remoteInfo = Forum_iOS;
		};
/* End PBXContainerItemProxy section */

/* Begin PBXFileReference section */
		550732E8233202030088FFBB /* Forum_iOS.app */ = {isa = PBXFileReference; explicitFileType = wrapper.application; includeInIndex = 0; path = Forum_iOS.app; sourceTree = BUILT_PRODUCTS_DIR; };
		550732EB233202030088FFBB /* AppDelegate.swift */ = {isa = PBXFileReference; lastKnownFileType = sourcecode.swift; path = AppDelegate.swift; sourceTree = "<group>"; };
		550732F2233202030088FFBB /* Base */ = {isa = PBXFileReference; lastKnownFileType = file.storyboard; name = Base; path = Base.lproj/Main.storyboard; sourceTree = "<group>"; };
		550732F4233202040088FFBB /* Assets.xcassets */ = {isa = PBXFileReference; lastKnownFileType = folder.assetcatalog; path = Assets.xcassets; sourceTree = "<group>"; };
		550732F7233202040088FFBB /* Base */ = {isa = PBXFileReference; lastKnownFileType = file.storyboard; name = Base; path = Base.lproj/LaunchScreen.storyboard; sourceTree = "<group>"; };
		550732F9233202040088FFBB /* Info.plist */ = {isa = PBXFileReference; lastKnownFileType = text.plist.xml; path = Info.plist; sourceTree = "<group>"; };
		550732FE233202040088FFBB /* Forum_iOSTests.xctest */ = {isa = PBXFileReference; explicitFileType = wrapper.cfbundle; includeInIndex = 0; path = Forum_iOSTests.xctest; sourceTree = BUILT_PRODUCTS_DIR; };
		55073302233202040088FFBB /* Forum_iOSTests.swift */ = {isa = PBXFileReference; lastKnownFileType = sourcecode.swift; path = Forum_iOSTests.swift; sourceTree = "<group>"; };
		55073304233202040088FFBB /* Info.plist */ = {isa = PBXFileReference; lastKnownFileType = text.plist.xml; path = Info.plist; sourceTree = "<group>"; };
		55073309233202040088FFBB /* Forum_iOSUITests.xctest */ = {isa = PBXFileReference; explicitFileType = wrapper.cfbundle; includeInIndex = 0; path = Forum_iOSUITests.xctest; sourceTree = BUILT_PRODUCTS_DIR; };
		5507330D233202040088FFBB /* Forum_iOSUITests.swift */ = {isa = PBXFileReference; lastKnownFileType = sourcecode.swift; path = Forum_iOSUITests.swift; sourceTree = "<group>"; };
		5507330F233202040088FFBB /* Info.plist */ = {isa = PBXFileReference; lastKnownFileType = text.plist.xml; path = Info.plist; sourceTree = "<group>"; };
		5507331B233202C10088FFBB /* SettingViewController.swift */ = {isa = PBXFileReference; lastKnownFileType = sourcecode.swift; path = SettingViewController.swift; sourceTree = "<group>"; };
		5507331D233205BD0088FFBB /* DetailTableViewController.swift */ = {isa = PBXFileReference; lastKnownFileType = sourcecode.swift; path = DetailTableViewController.swift; sourceTree = "<group>"; };
		5520FB9A2337455300D922E7 /* ForumViewController.swift */ = {isa = PBXFileReference; lastKnownFileType = sourcecode.swift; path = ForumViewController.swift; sourceTree = "<group>"; };
/* End PBXFileReference section */

/* Begin PBXFrameworksBuildPhase section */
		550732E5233202020088FFBB /* Frameworks */ = {
			isa = PBXFrameworksBuildPhase;
			buildActionMask = 2147483647;
			files = (
			);
			runOnlyForDeploymentPostprocessing = 0;
		};
		550732FB233202040088FFBB /* Frameworks */ = {
			isa = PBXFrameworksBuildPhase;
			buildActionMask = 2147483647;
			files = (
			);
			runOnlyForDeploymentPostprocessing = 0;
		};
		55073306233202040088FFBB /* Frameworks */ = {
			isa = PBXFrameworksBuildPhase;
			buildActionMask = 2147483647;
			files = (
			);
			runOnlyForDeploymentPostprocessing = 0;
		};
/* End PBXFrameworksBuildPhase section */

/* Begin PBXGroup section */
		550732DF233202020088FFBB = {
			isa = PBXGroup;
			children = (
				550732EA233202030088FFBB /* Forum_iOS */,
				55073301233202040088FFBB /* Forum_iOSTests */,
				5507330C233202040088FFBB /* Forum_iOSUITests */,
				550732E9233202030088FFBB /* Products */,
			);
			sourceTree = "<group>";
		};
		550732E9233202030088FFBB /* Products */ = {
			isa = PBXGroup;
			children = (
				550732E8233202030088FFBB /* Forum_iOS.app */,
				550732FE233202040088FFBB /* Forum_iOSTests.xctest */,
				55073309233202040088FFBB /* Forum_iOSUITests.xctest */,
			);
			name = Products;
			sourceTree = "<group>";
		};
		550732EA233202030088FFBB /* Forum_iOS */ = {
			isa = PBXGroup;
			children = (
				550732EB233202030088FFBB /* AppDelegate.swift */,
				5520FB9A2337455300D922E7 /* ForumViewController.swift */,
				5507331B233202C10088FFBB /* SettingViewController.swift */,
				5507331D233205BD0088FFBB /* DetailTableViewController.swift */,
				550732F1233202030088FFBB /* Main.storyboard */,
				550732F4233202040088FFBB /* Assets.xcassets */,
				550732F6233202040088FFBB /* LaunchScreen.storyboard */,
				550732F9233202040088FFBB /* Info.plist */,
			);
			path = Forum_iOS;
			sourceTree = "<group>";
		};
		55073301233202040088FFBB /* Forum_iOSTests */ = {
			isa = PBXGroup;
			children = (
				55073302233202040088FFBB /* Forum_iOSTests.swift */,
				55073304233202040088FFBB /* Info.plist */,
			);
			path = Forum_iOSTests;
			sourceTree = "<group>";
		};
		5507330C233202040088FFBB /* Forum_iOSUITests */ = {
			isa = PBXGroup;
			children = (
				5507330D233202040088FFBB /* Forum_iOSUITests.swift */,
				5507330F233202040088FFBB /* Info.plist */,
			);
			path = Forum_iOSUITests;
			sourceTree = "<group>";
		};
/* End PBXGroup section */

/* Begin PBXNativeTarget section */
		550732E7233202020088FFBB /* Forum_iOS */ = {
			isa = PBXNativeTarget;
			buildConfigurationList = 55073312233202040088FFBB /* Build configuration list for PBXNativeTarget "Forum_iOS" */;
			buildPhases = (
				550732E4233202020088FFBB /* Sources */,
				550732E5233202020088FFBB /* Frameworks */,
				550732E6233202020088FFBB /* Resources */,
			);
			buildRules = (
			);
			dependencies = (
			);
			name = Forum_iOS;
			productName = Forum_iOS;
			productReference = 550732E8233202030088FFBB /* Forum_iOS.app */;
			productType = "com.apple.product-type.application";
		};
		550732FD233202040088FFBB /* Forum_iOSTests */ = {
			isa = PBXNativeTarget;
			buildConfigurationList = 55073315233202040088FFBB /* Build configuration list for PBXNativeTarget "Forum_iOSTests" */;
			buildPhases = (
				550732FA233202040088FFBB /* Sources */,
				550732FB233202040088FFBB /* Frameworks */,
				550732FC233202040088FFBB /* Resources */,
			);
			buildRules = (
			);
			dependencies = (
				55073300233202040088FFBB /* PBXTargetDependency */,
			);
			name = Forum_iOSTests;
			productName = Forum_iOSTests;
			productReference = 550732FE233202040088FFBB /* Forum_iOSTests.xctest */;
			productType = "com.apple.product-type.bundle.unit-test";
		};
		55073308233202040088FFBB /* Forum_iOSUITests */ = {
			isa = PBXNativeTarget;
			buildConfigurationList = 55073318233202040088FFBB /* Build configuration list for PBXNativeTarget "Forum_iOSUITests" */;
			buildPhases = (
				55073305233202040088FFBB /* Sources */,
				55073306233202040088FFBB /* Frameworks */,
				55073307233202040088FFBB /* Resources */,
			);
			buildRules = (
			);
			dependencies = (
				5507330B233202040088FFBB /* PBXTargetDependency */,
			);
			name = Forum_iOSUITests;
			productName = Forum_iOSUITests;
			productReference = 55073309233202040088FFBB /* Forum_iOSUITests.xctest */;
			productType = "com.apple.product-type.bundle.ui-testing";
		};
/* End PBXNativeTarget section */

/* Begin PBXProject section */
		550732E0233202020088FFBB /* Project object */ = {
			isa = PBXProject;
			attributes = {
				LastSwiftUpdateCheck = 1020;
				LastUpgradeCheck = 1020;
				ORGANIZATIONNAME = "Haichen Dong";
				TargetAttributes = {
					550732E7233202020088FFBB = {
						CreatedOnToolsVersion = 10.2.1;
					};
					550732FD233202040088FFBB = {
						CreatedOnToolsVersion = 10.2.1;
						TestTargetID = 550732E7233202020088FFBB;
					};
					55073308233202040088FFBB = {
						CreatedOnToolsVersion = 10.2.1;
						TestTargetID = 550732E7233202020088FFBB;
					};
				};
			};
			buildConfigurationList = 550732E3233202020088FFBB /* Build configuration list for PBXProject "Forum_iOS" */;
			compatibilityVersion = "Xcode 9.3";
			developmentRegion = en;
			hasScannedForEncodings = 0;
			knownRegions = (
				en,
				Base,
			);
			mainGroup = 550732DF233202020088FFBB;
			productRefGroup = 550732E9233202030088FFBB /* Products */;
			projectDirPath = "";
			projectRoot = "";
			targets = (
				550732E7233202020088FFBB /* Forum_iOS */,
				550732FD233202040088FFBB /* Forum_iOSTests */,
				55073308233202040088FFBB /* Forum_iOSUITests */,
			);
		};
/* End PBXProject section */

/* Begin PBXResourcesBuildPhase section */
		550732E6233202020088FFBB /* Resources */ = {
			isa = PBXResourcesBuildPhase;
			buildActionMask = 2147483647;
			files = (
				550732F8233202040088FFBB /* LaunchScreen.storyboard in Resources */,
				550732F5233202040088FFBB /* Assets.xcassets in Resources */,
				550732F3233202030088FFBB /* Main.storyboard in Resources */,
			);
			runOnlyForDeploymentPostprocessing = 0;
		};
		550732FC233202040088FFBB /* Resources */ = {
			isa = PBXResourcesBuildPhase;
			buildActionMask = 2147483647;
			files = (
			);
			runOnlyForDeploymentPostprocessing = 0;
		};
		55073307233202040088FFBB /* Resources */ = {
			isa = PBXResourcesBuildPhase;
			buildActionMask = 2147483647;
			files = (
			);
			runOnlyForDeploymentPostprocessing = 0;
		};
/* End PBXResourcesBuildPhase section */

/* Begin PBXSourcesBuildPhase section */
		550732E4233202020088FFBB /* Sources */ = {
			isa = PBXSourcesBuildPhase;
			buildActionMask = 2147483647;
			files = (
				5520FB9B2337455300D922E7 /* ForumViewController.swift in Sources */,
				5507331E233205BD0088FFBB /* DetailTableViewController.swift in Sources */,
				5507331C233202C10088FFBB /* SettingViewController.swift in Sources */,
				550732EC233202030088FFBB /* AppDelegate.swift in Sources */,
			);
			runOnlyForDeploymentPostprocessing = 0;
		};
		550732FA233202040088FFBB /* Sources */ = {
			isa = PBXSourcesBuildPhase;
			buildActionMask = 2147483647;
			files = (
				55073303233202040088FFBB /* Forum_iOSTests.swift in Sources */,
			);
			runOnlyForDeploymentPostprocessing = 0;
		};
		55073305233202040088FFBB /* Sources */ = {
			isa = PBXSourcesBuildPhase;
			buildActionMask = 2147483647;
			files = (
				5507330E233202040088FFBB /* Forum_iOSUITests.swift in Sources */,
			);
			runOnlyForDeploymentPostprocessing = 0;
		};
/* End PBXSourcesBuildPhase section */

/* Begin PBXTargetDependency section */
		55073300233202040088FFBB /* PBXTargetDependency */ = {
			isa = PBXTargetDependency;
			target = 550732E7233202020088FFBB /* Forum_iOS */;
			targetProxy = 550732FF233202040088FFBB /* PBXContainerItemProxy */;
		};
		5507330B233202040088FFBB /* PBXTargetDependency */ = {
			isa = PBXTargetDependency;
			target = 550732E7233202020088FFBB /* Forum_iOS */;
			targetProxy = 5507330A233202040088FFBB /* PBXContainerItemProxy */;
		};
/* End PBXTargetDependency section */

/* Begin PBXVariantGroup section */
		550732F1233202030088FFBB /* Main.storyboard */ = {
			isa = PBXVariantGroup;
			children = (
				550732F2233202030088FFBB /* Base */,
			);
			name = Main.storyboard;
			sourceTree = "<group>";
		};
		550732F6233202040088FFBB /* LaunchScreen.storyboard */ = {
			isa = PBXVariantGroup;
			children = (
				550732F7233202040088FFBB /* Base */,
			);
			name = LaunchScreen.storyboard;
			sourceTree = "<group>";
		};
/* End PBXVariantGroup section */

/* Begin XCBuildConfiguration section */
		55073310233202040088FFBB /* Debug */ = {
			isa = XCBuildConfiguration;
			buildSettings = {
				ALWAYS_SEARCH_USER_PATHS = NO;
				CLANG_ANALYZER_NONNULL = YES;
				CLANG_ANALYZER_NUMBER_OBJECT_CONVERSION = YES_AGGRESSIVE;
				CLANG_CXX_LANGUAGE_STANDARD = "gnu++14";
				CLANG_CXX_LIBRARY = "libc++";
				CLANG_ENABLE_MODULES = YES;
				CLANG_ENABLE_OBJC_ARC = YES;
				CLANG_ENABLE_OBJC_WEAK = YES;
				CLANG_WARN_BLOCK_CAPTURE_AUTORELEASING = YES;
				CLANG_WARN_BOOL_CONVERSION = YES;
				CLANG_WARN_COMMA = YES;
				CLANG_WARN_CONSTANT_CONVERSION = YES;
				CLANG_WARN_DEPRECATED_OBJC_IMPLEMENTATIONS = YES;
				CLANG_WARN_DIRECT_OBJC_ISA_USAGE = YES_ERROR;
				CLANG_WARN_DOCUMENTATION_COMMENTS = YES;
				CLANG_WARN_EMPTY_BODY = YES;
				CLANG_WARN_ENUM_CONVERSION = YES;
				CLANG_WARN_INFINITE_RECURSION = YES;
				CLANG_WARN_INT_CONVERSION = YES;
				CLANG_WARN_NON_LITERAL_NULL_CONVERSION = YES;
				CLANG_WARN_OBJC_IMPLICIT_RETAIN_SELF = YES;
				CLANG_WARN_OBJC_LITERAL_CONVERSION = YES;
				CLANG_WARN_OBJC_ROOT_CLASS = YES_ERROR;
				CLANG_WARN_RANGE_LOOP_ANALYSIS = YES;
				CLANG_WARN_STRICT_PROTOTYPES = YES;
				CLANG_WARN_SUSPICIOUS_MOVE = YES;
				CLANG_WARN_UNGUARDED_AVAILABILITY = YES_AGGRESSIVE;
				CLANG_WARN_UNREACHABLE_CODE = YES;
				CLANG_WARN__DUPLICATE_METHOD_MATCH = YES;
				CODE_SIGN_IDENTITY = "iPhone Developer";
				COPY_PHASE_STRIP = NO;
				DEBUG_INFORMATION_FORMAT = dwarf;
				ENABLE_STRICT_OBJC_MSGSEND = YES;
				ENABLE_TESTABILITY = YES;
				GCC_C_LANGUAGE_STANDARD = gnu11;
				GCC_DYNAMIC_NO_PIC = NO;
				GCC_NO_COMMON_BLOCKS = YES;
				GCC_OPTIMIZATION_LEVEL = 0;
				GCC_PREPROCESSOR_DEFINITIONS = (
					"DEBUG=1",
					"$(inherited)",
				);
				GCC_WARN_64_TO_32_BIT_CONVERSION = YES;
				GCC_WARN_ABOUT_RETURN_TYPE = YES_ERROR;
				GCC_WARN_UNDECLARED_SELECTOR = YES;
				GCC_WARN_UNINITIALIZED_AUTOS = YES_AGGRESSIVE;
				GCC_WARN_UNUSED_FUNCTION = YES;
				GCC_WARN_UNUSED_VARIABLE = YES;
				IPHONEOS_DEPLOYMENT_TARGET = 12.2;
				MTL_ENABLE_DEBUG_INFO = INCLUDE_SOURCE;
				MTL_FAST_MATH = YES;
				ONLY_ACTIVE_ARCH = YES;
				SDKROOT = iphoneos;
				SWIFT_ACTIVE_COMPILATION_CONDITIONS = DEBUG;
				SWIFT_OPTIMIZATION_LEVEL = "-Onone";
			};
			name = Debug;
		};
		55073311233202040088FFBB /* Release */ = {
			isa = XCBuildConfiguration;
			buildSettings = {
				ALWAYS_SEARCH_USER_PATHS = NO;
				CLANG_ANALYZER_NONNULL = YES;
				CLANG_ANALYZER_NUMBER_OBJECT_CONVERSION = YES_AGGRESSIVE;
				CLANG_CXX_LANGUAGE_STANDARD = "gnu++14";
				CLANG_CXX_LIBRARY = "libc++";
				CLANG_ENABLE_MODULES = YES;
				CLANG_ENABLE_OBJC_ARC = YES;
				CLANG_ENABLE_OBJC_WEAK = YES;
				CLANG_WARN_BLOCK_CAPTURE_AUTORELEASING = YES;
				CLANG_WARN_BOOL_CONVERSION = YES;
				CLANG_WARN_COMMA = YES;
				CLANG_WARN_CONSTANT_CONVERSION = YES;
				CLANG_WARN_DEPRECATED_OBJC_IMPLEMENTATIONS = YES;
				CLANG_WARN_DIRECT_OBJC_ISA_USAGE = YES_ERROR;
				CLANG_WARN_DOCUMENTATION_COMMENTS = YES;
				CLANG_WARN_EMPTY_BODY = YES;
				CLANG_WARN_ENUM_CONVERSION = YES;
				CLANG_WARN_INFINITE_RECURSION = YES;
				CLANG_WARN_INT_CONVERSION = YES;
				CLANG_WARN_NON_LITERAL_NULL_CONVERSION = YES;
				CLANG_WARN_OBJC_IMPLICIT_RETAIN_SELF = YES;
				CLANG_WARN_OBJC_LITERAL_CONVERSION = YES;
				CLANG_WARN_OBJC_ROOT_CLASS = YES_ERROR;
				CLANG_WARN_RANGE_LOOP_ANALYSIS = YES;
				CLANG_WARN_STRICT_PROTOTYPES = YES;
				CLANG_WARN_SUSPICIOUS_MOVE = YES;
				CLANG_WARN_UNGUARDED_AVAILABILITY = YES_AGGRESSIVE;
				CLANG_WARN_UNREACHABLE_CODE = YES;
				CLANG_WARN__DUPLICATE_METHOD_MATCH = YES;
				CODE_SIGN_IDENTITY = "iPhone Developer";
				COPY_PHASE_STRIP = NO;
				DEBUG_INFORMATION_FORMAT = "dwarf-with-dsym";
				ENABLE_NS_ASSERTIONS = NO;
				ENABLE_STRICT_OBJC_MSGSEND = YES;
				GCC_C_LANGUAGE_STANDARD = gnu11;
				GCC_NO_COMMON_BLOCKS = YES;
				GCC_WARN_64_TO_32_BIT_CONVERSION = YES;
				GCC_WARN_ABOUT_RETURN_TYPE = YES_ERROR;
				GCC_WARN_UNDECLARED_SELECTOR = YES;
				GCC_WARN_UNINITIALIZED_AUTOS = YES_AGGRESSIVE;
				GCC_WARN_UNUSED_FUNCTION = YES;
				GCC_WARN_UNUSED_VARIABLE = YES;
				IPHONEOS_DEPLOYMENT_TARGET = 12.2;
				MTL_ENABLE_DEBUG_INFO = NO;
				MTL_FAST_MATH = YES;
				SDKROOT = iphoneos;
				SWIFT_COMPILATION_MODE = wholemodule;
				SWIFT_OPTIMIZATION_LEVEL = "-O";
				VALIDATE_PRODUCT = YES;
			};
			name = Release;
		};
		55073313233202040088FFBB /* Debug */ = {
			isa = XCBuildConfiguration;
			buildSettings = {
				ASSETCATALOG_COMPILER_APPICON_NAME = AppIcon;
				CODE_SIGN_STYLE = Automatic;
				DEVELOPMENT_TEAM = AEF5CS25ZL;
				INFOPLIST_FILE = Forum_iOS/Info.plist;
				LD_RUNPATH_SEARCH_PATHS = (
					"$(inherited)",
					"@executable_path/Frameworks",
				);
				PRODUCT_BUNDLE_IDENTIFIER = "oscardhc.Forum-iOS";
				PRODUCT_NAME = "$(TARGET_NAME)";
				SWIFT_VERSION = 5.0;
				TARGETED_DEVICE_FAMILY = "1,2";
			};
			name = Debug;
		};
		55073314233202040088FFBB /* Release */ = {
			isa = XCBuildConfiguration;
			buildSettings = {
				ASSETCATALOG_COMPILER_APPICON_NAME = AppIcon;
				CODE_SIGN_STYLE = Automatic;
				DEVELOPMENT_TEAM = AEF5CS25ZL;
				INFOPLIST_FILE = Forum_iOS/Info.plist;
				LD_RUNPATH_SEARCH_PATHS = (
					"$(inherited)",
					"@executable_path/Frameworks",
				);
				PRODUCT_BUNDLE_IDENTIFIER = "oscardhc.Forum-iOS";
				PRODUCT_NAME = "$(TARGET_NAME)";
				SWIFT_VERSION = 5.0;
				TARGETED_DEVICE_FAMILY = "1,2";
			};
			name = Release;
		};
		55073316233202040088FFBB /* Debug */ = {
			isa = XCBuildConfiguration;
			buildSettings = {
				ALWAYS_EMBED_SWIFT_STANDARD_LIBRARIES = YES;
				BUNDLE_LOADER = "$(TEST_HOST)";
				CODE_SIGN_STYLE = Automatic;
				DEVELOPMENT_TEAM = AEF5CS25ZL;
				INFOPLIST_FILE = Forum_iOSTests/Info.plist;
				LD_RUNPATH_SEARCH_PATHS = (
					"$(inherited)",
					"@executable_path/Frameworks",
					"@loader_path/Frameworks",
				);
				PRODUCT_BUNDLE_IDENTIFIER = "oscardhc.Forum-iOSTests";
				PRODUCT_NAME = "$(TARGET_NAME)";
				SWIFT_VERSION = 5.0;
				TARGETED_DEVICE_FAMILY = "1,2";
				TEST_HOST = "$(BUILT_PRODUCTS_DIR)/Forum_iOS.app/Forum_iOS";
			};
			name = Debug;
		};
		55073317233202040088FFBB /* Release */ = {
			isa = XCBuildConfiguration;
			buildSettings = {
				ALWAYS_EMBED_SWIFT_STANDARD_LIBRARIES = YES;
				BUNDLE_LOADER = "$(TEST_HOST)";
				CODE_SIGN_STYLE = Automatic;
				DEVELOPMENT_TEAM = AEF5CS25ZL;
				INFOPLIST_FILE = Forum_iOSTests/Info.plist;
				LD_RUNPATH_SEARCH_PATHS = (
					"$(inherited)",
					"@executable_path/Frameworks",
					"@loader_path/Frameworks",
				);
				PRODUCT_BUNDLE_IDENTIFIER = "oscardhc.Forum-iOSTests";
				PRODUCT_NAME = "$(TARGET_NAME)";
				SWIFT_VERSION = 5.0;
				TARGETED_DEVICE_FAMILY = "1,2";
				TEST_HOST = "$(BUILT_PRODUCTS_DIR)/Forum_iOS.app/Forum_iOS";
			};
			name = Release;
		};
		55073319233202040088FFBB /* Debug */ = {
			isa = XCBuildConfiguration;
			buildSettings = {
				ALWAYS_EMBED_SWIFT_STANDARD_LIBRARIES = YES;
				CODE_SIGN_STYLE = Automatic;
				DEVELOPMENT_TEAM = AEF5CS25ZL;
				INFOPLIST_FILE = Forum_iOSUITests/Info.plist;
				LD_RUNPATH_SEARCH_PATHS = (
					"$(inherited)",
					"@executable_path/Frameworks",
					"@loader_path/Frameworks",
				);
				PRODUCT_BUNDLE_IDENTIFIER = "oscardhc.Forum-iOSUITests";
				PRODUCT_NAME = "$(TARGET_NAME)";
				SWIFT_VERSION = 5.0;
				TARGETED_DEVICE_FAMILY = "1,2";
				TEST_TARGET_NAME = Forum_iOS;
			};
			name = Debug;
		};
		5507331A233202040088FFBB /* Release */ = {
			isa = XCBuildConfiguration;
			buildSettings = {
				ALWAYS_EMBED_SWIFT_STANDARD_LIBRARIES = YES;
				CODE_SIGN_STYLE = Automatic;
				DEVELOPMENT_TEAM = AEF5CS25ZL;
				INFOPLIST_FILE = Forum_iOSUITests/Info.plist;
				LD_RUNPATH_SEARCH_PATHS = (
					"$(inherited)",
					"@executable_path/Frameworks",
					"@loader_path/Frameworks",
				);
				PRODUCT_BUNDLE_IDENTIFIER = "oscardhc.Forum-iOSUITests";
				PRODUCT_NAME = "$(TARGET_NAME)";
				SWIFT_VERSION = 5.0;
				TARGETED_DEVICE_FAMILY = "1,2";
				TEST_TARGET_NAME = Forum_iOS;
			};
			name = Release;
		};
/* End XCBuildConfiguration section */

/* Begin XCConfigurationList section */
		550732E3233202020088FFBB /* Build configuration list for PBXProject "Forum_iOS" */ = {
			isa = XCConfigurationList;
			buildConfigurations = (
				55073310233202040088FFBB /* Debug */,
				55073311233202040088FFBB /* Release */,
			);
			defaultConfigurationIsVisible = 0;
			defaultConfigurationName = Release;
		};
		55073312233202040088FFBB /* Build configuration list for PBXNativeTarget "Forum_iOS" */ = {
			isa = XCConfigurationList;
			buildConfigurations = (
				55073313233202040088FFBB /* Debug */,
				55073314233202040088FFBB /* Release */,
			);
			defaultConfigurationIsVisible = 0;
			defaultConfigurationName = Release;
		};
		55073315233202040088FFBB /* Build configuration list for PBXNativeTarget "Forum_iOSTests" */ = {
			isa = XCConfigurationList;
			buildConfigurations = (
				55073316233202040088FFBB /* Debug */,
				55073317233202040088FFBB /* Release */,
			);
			defaultConfigurationIsVisible = 0;
			defaultConfigurationName = Release;
		};
		55073318233202040088FFBB /* Build configuration list for PBXNativeTarget "Forum_iOSUITests" */ = {
			isa = XCConfigurationList;
			buildConfigurations = (
				55073319233202040088FFBB /* Debug */,
				5507331A233202040088FFBB /* Release */,
			);
			defaultConfigurationIsVisible = 0;
			defaultConfigurationName = Release;
		};
/* End XCConfigurationList section */
	};
	rootObject = 550732E0233202020088FFBB /* Project object */;
}
